
Microsoft Visual Studio Solution File, Format Version 12.00
# Visual Studio Version 17
VisualStudioVersion = 17.3.32825.248
MinimumVisualStudioVersion = 10.0.40219.1
Project("{FAE04EC0-301F-11D3-BF4B-00C04F79EFBC}") = "MinecraftDatapackEditor", "MinecraftDatapackEditor.csproj", "{63CC5952-9FB0-47C2-AD39-CBD0E6141746}"
EndProject
Global
	GlobalSection(SolutionConfigurationPlatforms) = preSolution
		Debug|Any CPU = Debug|Any CPU
		Release|Any CPU = Release|Any CPU
	EndGlobalSection
	GlobalSection(ProjectConfigurationPlatforms) = postSolution
		{63CC5952-9FB0-47C2-AD39-CBD0E6141746}.Debug|Any CPU.ActiveCfg = Debug|Any CPU
		{63CC5952-9FB0-47C2-AD39-CBD0E6141746}.Debug|Any CPU.Build.0 = Debug|Any CPU
		{63CC5952-9FB0-47C2-AD39-CBD0E6141746}.Release|Any CPU.ActiveCfg = Release|Any CPU
		{63CC5952-9FB0-47C2-AD39-CBD0E6141746}.Release|Any CPU.Build.0 = Release|Any CPU
	EndGlobalSection
	GlobalSection(SolutionProperties) = preSolution
		HideSolutionNode = FALSE
	EndGlobalSection
	GlobalSection(ExtensibilityGlobals) = postSolution
		SolutionGuid = {2A20D1BF-5E18-4A16-8095-2D3392954589}
	EndGlobalSection
EndGlobal
